
Microsoft Visual Studio Solution File, Format Version 12.00
# Visual Studio Version 16
VisualStudioVersion = 16.0.31005.135
MinimumVisualStudioVersion = 10.0.40219.1
Project("{FAE04EC0-301F-11D3-BF4B-00C04F79EFBC}") = "Exemplos", "Exemplo1\Exemplos.csproj", "{14C734E6-A857-44BB-92AF-40D273DE1EE7}"
EndProject
Project("{FAE04EC0-301F-11D3-BF4B-00C04F79EFBC}") = "RobotListas", "RobotListas\RobotListas.csproj", "{CD5A5C5A-5C2C-4DF2-BEE7-FA0AC369378F}"
EndProject
Project("{FAE04EC0-301F-11D3-BF4B-00C04F79EFBC}") = "RobotCriaListas", "RobotCriaListas\RobotCriaListas.csproj", "{96A39FB6-4A88-49BB-9669-D9B489ECA6F4}"
EndProject
Project("{2150E333-8FDC-42A3-9474-1A3956D46DE8}") = "POWERSHELL", "POWERSHELL", "{04202EA5-F1C6-47B1-9262-E8A663891FB9}"
EndProject
Project("{FAE04EC0-301F-11D3-BF4B-00C04F79EFBC}") = "RobotResquest", "RobotResquest\RobotResquest.csproj", "{3E96C70C-DE43-4D09-BAE1-CE2C4D485C21}"
EndProject
Project("{FAE04EC0-301F-11D3-BF4B-00C04F79EFBC}") = "RobotCriaCampo", "RobotCriaCampo\RobotCriaCampo.csproj", "{F27A68ED-8620-4EFA-B4CF-95D278A1EC92}"
EndProject
Project("{FAE04EC0-301F-11D3-BF4B-00C04F79EFBC}") = "RobotCarga", "ConsoleApp1\RobotCarga.csproj", "{AF6BDB23-1026-4CDF-8367-5726020D997E}"
EndProject
Project("{FAE04EC0-301F-11D3-BF4B-00C04F79EFBC}") = "RobotClientSidecarga", "RobotClientSidecarga\RobotClientSidecarga.csproj", "{13BFCD12-9F20-4AFB-9711-3C60543904A1}"
EndProject
Project("{FAE04EC0-301F-11D3-BF4B-00C04F79EFBC}") = "RoboResouces.cs", "RoboResouces.cs\RoboResouces.cs.csproj", "{3E2AB5C9-C647-4001-9960-7C4466BA07DD}"
EndProject
Global
	GlobalSection(SolutionConfigurationPlatforms) = preSolution
		Debug|Any CPU = Debug|Any CPU
		Release|Any CPU = Release|Any CPU
	EndGlobalSection
	GlobalSection(ProjectConfigurationPlatforms) = postSolution
		{14C734E6-A857-44BB-92AF-40D273DE1EE7}.Debug|Any CPU.ActiveCfg = Debug|Any CPU
		{14C734E6-A857-44BB-92AF-40D273DE1EE7}.Debug|Any CPU.Build.0 = Debug|Any CPU
		{14C734E6-A857-44BB-92AF-40D273DE1EE7}.Debug|Any CPU.Deploy.0 = Debug|Any CPU
		{14C734E6-A857-44BB-92AF-40D273DE1EE7}.Release|Any CPU.ActiveCfg = Release|Any CPU
		{14C734E6-A857-44BB-92AF-40D273DE1EE7}.Release|Any CPU.Build.0 = Release|Any CPU
		{14C734E6-A857-44BB-92AF-40D273DE1EE7}.Release|Any CPU.Deploy.0 = Release|Any CPU
		{CD5A5C5A-5C2C-4DF2-BEE7-FA0AC369378F}.Debug|Any CPU.ActiveCfg = Debug|Any CPU
		{CD5A5C5A-5C2C-4DF2-BEE7-FA0AC369378F}.Debug|Any CPU.Build.0 = Debug|Any CPU
		{CD5A5C5A-5C2C-4DF2-BEE7-FA0AC369378F}.Release|Any CPU.ActiveCfg = Release|Any CPU
		{CD5A5C5A-5C2C-4DF2-BEE7-FA0AC369378F}.Release|Any CPU.Build.0 = Release|Any CPU
		{96A39FB6-4A88-49BB-9669-D9B489ECA6F4}.Debug|Any CPU.ActiveCfg = Debug|Any CPU
		{96A39FB6-4A88-49BB-9669-D9B489ECA6F4}.Debug|Any CPU.Build.0 = Debug|Any CPU
		{96A39FB6-4A88-49BB-9669-D9B489ECA6F4}.Release|Any CPU.ActiveCfg = Release|Any CPU
		{96A39FB6-4A88-49BB-9669-D9B489ECA6F4}.Release|Any CPU.Build.0 = Release|Any CPU
		{3E96C70C-DE43-4D09-BAE1-CE2C4D485C21}.Debug|Any CPU.ActiveCfg = Debug|Any CPU
		{3E96C70C-DE43-4D09-BAE1-CE2C4D485C21}.Debug|Any CPU.Build.0 = Debug|Any CPU
		{3E96C70C-DE43-4D09-BAE1-CE2C4D485C21}.Release|Any CPU.ActiveCfg = Release|Any CPU
		{3E96C70C-DE43-4D09-BAE1-CE2C4D485C21}.Release|Any CPU.Build.0 = Release|Any CPU
		{F27A68ED-8620-4EFA-B4CF-95D278A1EC92}.Debug|Any CPU.ActiveCfg = Debug|Any CPU
		{F27A68ED-8620-4EFA-B4CF-95D278A1EC92}.Debug|Any CPU.Build.0 = Debug|Any CPU
		{F27A68ED-8620-4EFA-B4CF-95D278A1EC92}.Release|Any CPU.ActiveCfg = Release|Any CPU
		{F27A68ED-8620-4EFA-B4CF-95D278A1EC92}.Release|Any CPU.Build.0 = Release|Any CPU
		{AF6BDB23-1026-4CDF-8367-5726020D997E}.Debug|Any CPU.ActiveCfg = Debug|Any CPU
		{AF6BDB23-1026-4CDF-8367-5726020D997E}.Debug|Any CPU.Build.0 = Debug|Any CPU
		{AF6BDB23-1026-4CDF-8367-5726020D997E}.Release|Any CPU.ActiveCfg = Release|Any CPU
		{AF6BDB23-1026-4CDF-8367-5726020D997E}.Release|Any CPU.Build.0 = Release|Any CPU
		{13BFCD12-9F20-4AFB-9711-3C60543904A1}.Debug|Any CPU.ActiveCfg = Debug|Any CPU
		{13BFCD12-9F20-4AFB-9711-3C60543904A1}.Debug|Any CPU.Build.0 = Debug|Any CPU
		{13BFCD12-9F20-4AFB-9711-3C60543904A1}.Release|Any CPU.ActiveCfg = Release|Any CPU
		{13BFCD12-9F20-4AFB-9711-3C60543904A1}.Release|Any CPU.Build.0 = Release|Any CPU
		{3E2AB5C9-C647-4001-9960-7C4466BA07DD}.Debug|Any CPU.ActiveCfg = Debug|Any CPU
		{3E2AB5C9-C647-4001-9960-7C4466BA07DD}.Debug|Any CPU.Build.0 = Debug|Any CPU
		{3E2AB5C9-C647-4001-9960-7C4466BA07DD}.Release|Any CPU.ActiveCfg = Release|Any CPU
		{3E2AB5C9-C647-4001-9960-7C4466BA07DD}.Release|Any CPU.Build.0 = Release|Any CPU
	EndGlobalSection
	GlobalSection(SolutionProperties) = preSolution
		HideSolutionNode = FALSE
	EndGlobalSection
	GlobalSection(ExtensibilityGlobals) = postSolution
		SolutionGuid = {266F1463-E67D-4C0C-A9BE-F8495258D0BE}
	EndGlobalSection
EndGlobal
